
Microsoft Visual Studio Solution File, Format Version 12.00
# Visual Studio Version 17
VisualStudioVersion = 17.10.35013.160
MinimumVisualStudioVersion = 10.0.40219.1
Project("{9A19103F-16F7-4668-BE54-9A1E7A4F7556}") = "Persian-OCR", "Persian-OCR\Persian-OCR.csproj", "{10C4C63F-2735-475E-BBC5-27F8DDC5BE77}"
EndProject
Global
	GlobalSection(SolutionConfigurationPlatforms) = preSolution
		Debug|Any CPU = Debug|Any CPU
		Release|Any CPU = Release|Any CPU
	EndGlobalSection
	GlobalSection(ProjectConfigurationPlatforms) = postSolution
		{10C4C63F-2735-475E-BBC5-27F8DDC5BE77}.Debug|Any CPU.ActiveCfg = Debug|Any CPU
		{10C4C63F-2735-475E-BBC5-27F8DDC5BE77}.Debug|Any CPU.Build.0 = Debug|Any CPU
		{10C4C63F-2735-475E-BBC5-27F8DDC5BE77}.Release|Any CPU.ActiveCfg = Release|Any CPU
		{10C4C63F-2735-475E-BBC5-27F8DDC5BE77}.Release|Any CPU.Build.0 = Release|Any CPU
	EndGlobalSection
	GlobalSection(SolutionProperties) = preSolution
		HideSolutionNode = FALSE
	EndGlobalSection
	GlobalSection(ExtensibilityGlobals) = postSolution
		SolutionGuid = {E4CF1B58-8D64-42BC-A2BA-685D22F8FC6A}
	EndGlobalSection
EndGlobal
